// !$*UTF8*$!
{
	archiveVersion = 1;
	classes = {
	};
	objectVersion = 55;
	objects = {

/* Begin PBXBuildFile section */
		C837918D27F82175008F69EC /* ProtocolsAndGenericsBenchmarkApp.swift in Sources */ = {isa = PBXBuildFile; fileRef = C837918C27F82175008F69EC /* ProtocolsAndGenericsBenchmarkApp.swift */; };
		C837918F27F82175008F69EC /* ContentView.swift in Sources */ = {isa = PBXBuildFile; fileRef = C837918E27F82175008F69EC /* ContentView.swift */; };
		C837919127F82176008F69EC /* Assets.xcassets in Resources */ = {isa = PBXBuildFile; fileRef = C837919027F82176008F69EC /* Assets.xcassets */; };
		C837919427F82176008F69EC /* Preview Assets.xcassets in Resources */ = {isa = PBXBuildFile; fileRef = C837919327F82176008F69EC /* Preview Assets.xcassets */; };
		C837919C27F82191008F69EC /* Benchmark.swift in Sources */ = {isa = PBXBuildFile; fileRef = C837919B27F82191008F69EC /* Benchmark.swift */; };
/* End PBXBuildFile section */

/* Begin PBXFileReference section */
		C837918927F82175008F69EC /* ProtocolsAndGenericsBenchmark.app */ = {isa = PBXFileReference; explicitFileType = wrapper.application; includeInIndex = 0; path = ProtocolsAndGenericsBenchmark.app; sourceTree = BUILT_PRODUCTS_DIR; };
		C837918C27F82175008F69EC /* ProtocolsAndGenericsBenchmarkApp.swift */ = {isa = PBXFileReference; lastKnownFileType = sourcecode.swift; path = ProtocolsAndGenericsBenchmarkApp.swift; sourceTree = "<group>"; };
		C837918E27F82175008F69EC /* ContentView.swift */ = {isa = PBXFileReference; lastKnownFileType = sourcecode.swift; path = ContentView.swift; sourceTree = "<group>"; };
		C837919027F82176008F69EC /* Assets.xcassets */ = {isa = PBXFileReference; lastKnownFileType = folder.assetcatalog; path = Assets.xcassets; sourceTree = "<group>"; };
		C837919327F82176008F69EC /* Preview Assets.xcassets */ = {isa = PBXFileReference; lastKnownFileType = folder.assetcatalog; path = "Preview Assets.xcassets"; sourceTree = "<group>"; };
		C837919527F82176008F69EC /* ProtocolsAndGenericsBenchmark.entitlements */ = {isa = PBXFileReference; lastKnownFileType = text.plist.entitlements; path = ProtocolsAndGenericsBenchmark.entitlements; sourceTree = "<group>"; };
		C837919B27F82191008F69EC /* Benchmark.swift */ = {isa = PBXFileReference; lastKnownFileType = sourcecode.swift; path = Benchmark.swift; sourceTree = "<group>"; };
/* End PBXFileReference section */

/* Begin PBXFrameworksBuildPhase section */
		C837918627F82175008F69EC /* Frameworks */ = {
			isa = PBXFrameworksBuildPhase;
			buildActionMask = 2147483647;
			files = (
			);
			runOnlyForDeploymentPostprocessing = 0;
		};
/* End PBXFrameworksBuildPhase section */

/* Begin PBXGroup section */
		C837918027F82175008F69EC = {
			isa = PBXGroup;
			children = (
				C837918B27F82175008F69EC /* ProtocolsAndGenericsBenchmark */,
				C837918A27F82175008F69EC /* Products */,
			);
			sourceTree = "<group>";
		};
		C837918A27F82175008F69EC /* Products */ = {
			isa = PBXGroup;
			children = (
				C837918927F82175008F69EC /* ProtocolsAndGenericsBenchmark.app */,
			);
			name = Products;
			sourceTree = "<group>";
		};
		C837918B27F82175008F69EC /* ProtocolsAndGenericsBenchmark */ = {
			isa = PBXGroup;
			children = (
				C837918C27F82175008F69EC /* ProtocolsAndGenericsBenchmarkApp.swift */,
				C837918E27F82175008F69EC /* ContentView.swift */,
				C837919B27F82191008F69EC /* Benchmark.swift */,
				C837919027F82176008F69EC /* Assets.xcassets */,
				C837919527F82176008F69EC /* ProtocolsAndGenericsBenchmark.entitlements */,
				C837919227F82176008F69EC /* Preview Content */,
			);
			path = ProtocolsAndGenericsBenchmark;
			sourceTree = "<group>";
		};
		C837919227F82176008F69EC /* Preview Content */ = {
			isa = PBXGroup;
			children = (
				C837919327F82176008F69EC /* Preview Assets.xcassets */,
			);
			path = "Preview Content";
			sourceTree = "<group>";
		};
/* End PBXGroup section */

/* Begin PBXNativeTarget section */
		C837918827F82175008F69EC /* ProtocolsAndGenericsBenchmark */ = {
			isa = PBXNativeTarget;
			buildConfigurationList = C837919827F82176008F69EC /* Build configuration list for PBXNativeTarget "ProtocolsAndGenericsBenchmark" */;
			buildPhases = (
				C837918527F82175008F69EC /* Sources */,
				C837918627F82175008F69EC /* Frameworks */,
				C837918727F82175008F69EC /* Resources */,
			);
			buildRules = (
			);
			dependencies = (
			);
			name = ProtocolsAndGenericsBenchmark;
			productName = ProtocolsAndGenericsBenchmark;
			productReference = C837918927F82175008F69EC /* ProtocolsAndGenericsBenchmark.app */;
			productType = "com.apple.product-type.application";
		};
/* End PBXNativeTarget section */

/* Begin PBXProject section */
		C837918127F82175008F69EC /* Project object */ = {
			isa = PBXProject;
			attributes = {
				BuildIndependentTargetsInParallel = 1;
				LastSwiftUpdateCheck = 1330;
				LastUpgradeCheck = 1330;
				TargetAttributes = {
					C837918827F82175008F69EC = {
						CreatedOnToolsVersion = 13.3;
					};
				};
			};
			buildConfigurationList = C837918427F82175008F69EC /* Build configuration list for PBXProject "ProtocolsAndGenericsBenchmark" */;
			compatibilityVersion = "Xcode 13.0";
			developmentRegion = en;
			hasScannedForEncodings = 0;
			knownRegions = (
				en,
				Base,
			);
			mainGroup = C837918027F82175008F69EC;
			productRefGroup = C837918A27F82175008F69EC /* Products */;
			projectDirPath = "";
			projectRoot = "";
			targets = (
				C837918827F82175008F69EC /* ProtocolsAndGenericsBenchmark */,
			);
		};
/* End PBXProject section */

/* Begin PBXResourcesBuildPhase section */
		C837918727F82175008F69EC /* Resources */ = {
			isa = PBXResourcesBuildPhase;
			buildActionMask = 2147483647;
			files = (
				C837919427F82176008F69EC /* Preview Assets.xcassets in Resources */,
				C837919127F82176008F69EC /* Assets.xcassets in Resources */,
			);
			runOnlyForDeploymentPostprocessing = 0;
		};
/* End PBXResourcesBuildPhase section */

/* Begin PBXSourcesBuildPhase section */
		C837918527F82175008F69EC /* Sources */ = {
			isa = PBXSourcesBuildPhase;
			buildActionMask = 2147483647;
			files = (
				C837918F27F82175008F69EC /* ContentView.swift in Sources */,
				C837919C27F82191008F69EC /* Benchmark.swift in Sources */,
				C837918D27F82175008F69EC /* ProtocolsAndGenericsBenchmarkApp.swift in Sources */,
			);
			runOnlyForDeploymentPostprocessing = 0;
		};
/* End PBXSourcesBuildPhase section */

/* Begin XCBuildConfiguration section */
		C837919627F82176008F69EC /* Debug */ = {
			isa = XCBuildConfiguration;
			buildSettings = {
				ALWAYS_SEARCH_USER_PATHS = NO;
				CLANG_ANALYZER_NONNULL = YES;
				CLANG_ANALYZER_NUMBER_OBJECT_CONVERSION = YES_AGGRESSIVE;
				CLANG_CXX_LANGUAGE_STANDARD = "gnu++17";
				CLANG_ENABLE_MODULES = YES;
				CLANG_ENABLE_OBJC_ARC = YES;
				CLANG_ENABLE_OBJC_WEAK = YES;
				CLANG_WARN_BLOCK_CAPTURE_AUTORELEASING = YES;
				CLANG_WARN_BOOL_CONVERSION = YES;
				CLANG_WARN_COMMA = YES;
				CLANG_WARN_CONSTANT_CONVERSION = YES;
				CLANG_WARN_DEPRECATED_OBJC_IMPLEMENTATIONS = YES;
				CLANG_WARN_DIRECT_OBJC_ISA_USAGE = YES_ERROR;
				CLANG_WARN_DOCUMENTATION_COMMENTS = YES;
				CLANG_WARN_EMPTY_BODY = YES;
				CLANG_WARN_ENUM_CONVERSION = YES;
				CLANG_WARN_INFINITE_RECURSION = YES;
				CLANG_WARN_INT_CONVERSION = YES;
				CLANG_WARN_NON_LITERAL_NULL_CONVERSION = YES;
				CLANG_WARN_OBJC_IMPLICIT_RETAIN_SELF = YES;
				CLANG_WARN_OBJC_LITERAL_CONVERSION = YES;
				CLANG_WARN_OBJC_ROOT_CLASS = YES_ERROR;
				CLANG_WARN_QUOTED_INCLUDE_IN_FRAMEWORK_HEADER = YES;
				CLANG_WARN_RANGE_LOOP_ANALYSIS = YES;
				CLANG_WARN_STRICT_PROTOTYPES = YES;
				CLANG_WARN_SUSPICIOUS_MOVE = YES;
				CLANG_WARN_UNGUARDED_AVAILABILITY = YES_AGGRESSIVE;
				CLANG_WARN_UNREACHABLE_CODE = YES;
				CLANG_WARN__DUPLICATE_METHOD_MATCH = YES;
				COPY_PHASE_STRIP = NO;
				DEBUG_INFORMATION_FORMAT = dwarf;
				ENABLE_STRICT_OBJC_MSGSEND = YES;
				ENABLE_TESTABILITY = YES;
				GCC_C_LANGUAGE_STANDARD = gnu11;
				GCC_DYNAMIC_NO_PIC = NO;
				GCC_NO_COMMON_BLOCKS = YES;
				GCC_OPTIMIZATION_LEVEL = 0;
				GCC_PREPROCESSOR_DEFINITIONS = (
					"DEBUG=1",
					"$(inherited)",
				);
				GCC_WARN_64_TO_32_BIT_CONVERSION = YES;
				GCC_WARN_ABOUT_RETURN_TYPE = YES_ERROR;
				GCC_WARN_UNDECLARED_SELECTOR = YES;
				GCC_WARN_UNINITIALIZED_AUTOS = YES_AGGRESSIVE;
				GCC_WARN_UNUSED_FUNCTION = YES;
				GCC_WARN_UNUSED_VARIABLE = YES;
				MACOSX_DEPLOYMENT_TARGET = 12.3;
				MTL_ENABLE_DEBUG_INFO = INCLUDE_SOURCE;
				MTL_FAST_MATH = YES;
				ONLY_ACTIVE_ARCH = YES;
				SDKROOT = macosx;
				SWIFT_ACTIVE_COMPILATION_CONDITIONS = DEBUG;
				SWIFT_OPTIMIZATION_LEVEL = "-Onone";
			};
			name = Debug;
		};
		C837919727F82176008F69EC /* Release */ = {
			isa = XCBuildConfiguration;
			buildSettings = {
				ALWAYS_SEARCH_USER_PATHS = NO;
				CLANG_ANALYZER_NONNULL = YES;
				CLANG_ANALYZER_NUMBER_OBJECT_CONVERSION = YES_AGGRESSIVE;
				CLANG_CXX_LANGUAGE_STANDARD = "gnu++17";
				CLANG_ENABLE_MODULES = YES;
				CLANG_ENABLE_OBJC_ARC = YES;
				CLANG_ENABLE_OBJC_WEAK = YES;
				CLANG_WARN_BLOCK_CAPTURE_AUTORELEASING = YES;
				CLANG_WARN_BOOL_CONVERSION = YES;
				CLANG_WARN_COMMA = YES;
				CLANG_WARN_CONSTANT_CONVERSION = YES;
				CLANG_WARN_DEPRECATED_OBJC_IMPLEMENTATIONS = YES;
				CLANG_WARN_DIRECT_OBJC_ISA_USAGE = YES_ERROR;
				CLANG_WARN_DOCUMENTATION_COMMENTS = YES;
				CLANG_WARN_EMPTY_BODY = YES;
				CLANG_WARN_ENUM_CONVERSION = YES;
				CLANG_WARN_INFINITE_RECURSION = YES;
				CLANG_WARN_INT_CONVERSION = YES;
				CLANG_WARN_NON_LITERAL_NULL_CONVERSION = YES;
				CLANG_WARN_OBJC_IMPLICIT_RETAIN_SELF = YES;
				CLANG_WARN_OBJC_LITERAL_CONVERSION = YES;
				CLANG_WARN_OBJC_ROOT_CLASS = YES_ERROR;
				CLANG_WARN_QUOTED_INCLUDE_IN_FRAMEWORK_HEADER = YES;
				CLANG_WARN_RANGE_LOOP_ANALYSIS = YES;
				CLANG_WARN_STRICT_PROTOTYPES = YES;
				CLANG_WARN_SUSPICIOUS_MOVE = YES;
				CLANG_WARN_UNGUARDED_AVAILABILITY = YES_AGGRESSIVE;
				CLANG_WARN_UNREACHABLE_CODE = YES;
				CLANG_WARN__DUPLICATE_METHOD_MATCH = YES;
				COPY_PHASE_STRIP = NO;
				DEBUG_INFORMATION_FORMAT = "dwarf-with-dsym";
				ENABLE_NS_ASSERTIONS = NO;
				ENABLE_STRICT_OBJC_MSGSEND = YES;
				GCC_C_LANGUAGE_STANDARD = gnu11;
				GCC_NO_COMMON_BLOCKS = YES;
				GCC_WARN_64_TO_32_BIT_CONVERSION = YES;
				GCC_WARN_ABOUT_RETURN_TYPE = YES_ERROR;
				GCC_WARN_UNDECLARED_SELECTOR = YES;
				GCC_WARN_UNINITIALIZED_AUTOS = YES_AGGRESSIVE;
				GCC_WARN_UNUSED_FUNCTION = YES;
				GCC_WARN_UNUSED_VARIABLE = YES;
				MACOSX_DEPLOYMENT_TARGET = 12.3;
				MTL_ENABLE_DEBUG_INFO = NO;
				MTL_FAST_MATH = YES;
				SDKROOT = macosx;
				SWIFT_COMPILATION_MODE = wholemodule;
				SWIFT_OPTIMIZATION_LEVEL = "-O";
			};
			name = Release;
		};
		C837919927F82176008F69EC /* Debug */ = {
			isa = XCBuildConfiguration;
			buildSettings = {
				ASSETCATALOG_COMPILER_APPICON_NAME = AppIcon;
				ASSETCATALOG_COMPILER_GLOBAL_ACCENT_COLOR_NAME = AccentColor;
				CODE_SIGN_ENTITLEMENTS = ProtocolsAndGenericsBenchmark/ProtocolsAndGenericsBenchmark.entitlements;
				CODE_SIGN_STYLE = Automatic;
				COMBINE_HIDPI_IMAGES = YES;
				CURRENT_PROJECT_VERSION = 1;
				DEVELOPMENT_ASSET_PATHS = "\"ProtocolsAndGenericsBenchmark/Preview Content\"";
				DEVELOPMENT_TEAM = XJPC47UM3W;
				ENABLE_HARDENED_RUNTIME = YES;
				ENABLE_PREVIEWS = YES;
				GENERATE_INFOPLIST_FILE = YES;
				INFOPLIST_KEY_NSHumanReadableCopyright = "";
				LD_RUNPATH_SEARCH_PATHS = (
					"$(inherited)",
					"@executable_path/../Frameworks",
				);
				MARKETING_VERSION = 1.0;
				PRODUCT_BUNDLE_IDENTIFIER = com.augmentedcode.ProtocolsAndGenericsBenchmark;
				PRODUCT_NAME = "$(TARGET_NAME)";
				SWIFT_EMIT_LOC_STRINGS = YES;
				SWIFT_VERSION = 5.0;
			};
			name = Debug;
		};
		C837919A27F82176008F69EC /* Release */ = {
			isa = XCBuildConfiguration;
			buildSettings = {
				ASSETCATALOG_COMPILER_APPICON_NAME = AppIcon;
				ASSETCATALOG_COMPILER_GLOBAL_ACCENT_COLOR_NAME = AccentColor;
				CODE_SIGN_ENTITLEMENTS = ProtocolsAndGenericsBenchmark/ProtocolsAndGenericsBenchmark.entitlements;
				CODE_SIGN_STYLE = Automatic;
				COMBINE_HIDPI_IMAGES = YES;
				CURRENT_PROJECT_VERSION = 1;
				DEVELOPMENT_ASSET_PATHS = "\"ProtocolsAndGenericsBenchmark/Preview Content\"";
				DEVELOPMENT_TEAM = XJPC47UM3W;
				ENABLE_HARDENED_RUNTIME = YES;
				ENABLE_PREVIEWS = YES;
				GENERATE_INFOPLIST_FILE = YES;
				INFOPLIST_KEY_NSHumanReadableCopyright = "";
				LD_RUNPATH_SEARCH_PATHS = (
					"$(inherited)",
					"@executable_path/../Frameworks",
				);
				MARKETING_VERSION = 1.0;
				PRODUCT_BUNDLE_IDENTIFIER = com.augmentedcode.ProtocolsAndGenericsBenchmark;
				PRODUCT_NAME = "$(TARGET_NAME)";
				SWIFT_EMIT_LOC_STRINGS = YES;
				SWIFT_VERSION = 5.0;
			};
			name = Release;
		};
/* End XCBuildConfiguration section */

/* Begin XCConfigurationList section */
		C837918427F82175008F69EC /* Build configuration list for PBXProject "ProtocolsAndGenericsBenchmark" */ = {
			isa = XCConfigurationList;
			buildConfigurations = (
				C837919627F82176008F69EC /* Debug */,
				C837919727F82176008F69EC /* Release */,
			);
			defaultConfigurationIsVisible = 0;
			defaultConfigurationName = Release;
		};
		C837919827F82176008F69EC /* Build configuration list for PBXNativeTarget "ProtocolsAndGenericsBenchmark" */ = {
			isa = XCConfigurationList;
			buildConfigurations = (
				C837919927F82176008F69EC /* Debug */,
				C837919A27F82176008F69EC /* Release */,
			);
			defaultConfigurationIsVisible = 0;
			defaultConfigurationName = Release;
		};
/* End XCConfigurationList section */
	};
	rootObject = C837918127F82175008F69EC /* Project object */;
}
